{
  "name": "seo-backend",
  "version": "1.0.0",
  "lockfileVersion": 2,
  "requires": true,
  "packages": {
    "": {
      "name": "seo-backend",
      "version": "1.0.0",
      "dependencies": {
        "express": "^4.18.2",
        "dotenv": "^10.0.0",
        "openai": "^3.3.0",
        "cors": "^2.8.5",
        "body-parser": "^1.20.2",
        "nodemon": "^2.0.22"
      }
    },
    "node_modules/express": {
      "version": "4.18.2",
      "resolved": "https://registry.npmjs.org/express/-/express-4.18.2.tgz",
      "integrity": "sha512-5/pTc4KPYVnLgfpJ/FMBW3d5HLGBJlxevxkgmEXKjHeDY+jEpkCPNFOwMMv/3HGX59Ue9GOsgfqz1bwVpFcYoQ=="
    },
    "node_modules/dotenv": {
      "version": "10.0.0",
      "resolved": "https://registry.npmjs.org/dotenv/-/dotenv-10.0.0.tgz",
      "integrity": "sha512-FlWzpk6SwxX32lCcOWzic/yRQtHNDQfW0MbaiNoFswdEbe0d1jrZL+s27aGzEL9i0TNSKzA+0LRk5Y2Z7O2gjQ=="
    },
    "node_modules/openai": {
      "version": "3.3.0",
      "resolved": "https://registry.npmjs.org/openai/-/openai-3.3.0.tgz",
      "integrity": "sha512-GARc7kU6Um1/E9CvSOQo1VRik6B8cRAhQXeky4U6QApXfjKbxH78ULPZ3xGIdXT0KO7CXhV6AxDHvTEmhJzxGg=="
    },
    "node_modules/cors": {
      "version": "2.8.5",
      "resolved": "https://registry.npmjs.org/cors/-/cors-2.8.5.tgz",
      "integrity": "sha512-KrtnCm2vI/civDuLbIGLOnBnc1ltdYHv9lQQ/vj+jioHbTVZh7wI3qzXdBjUMkKWoQQvY/JNwjtDCT6dGNoa+A=="
    },
    "node_modules/body-parser": {
      "version": "1.20.2",
      "resolved": "https://registry.npmjs.org/body-parser/-/body-parser-1.20.2.tgz",
      "integrity": "sha512-jWXlEvDJvu3aVAXgjLdUlmgU+NTd3EejZB8cD+9Ape3cfSWD8fzFe0itvGQy+OLBoYkKwc7xPPX3GTKP5R9fbw=="
    },
    "node_modules/nodemon": {
      "version": "2.0.22",
      "resolved": "https://registry.npmjs.org/nodemon/-/nodemon-2.0.22.tgz",
      "integrity": "sha512-7E1gKXh9jH4ytJkVrbG/UcWxJo0bEpU1ICSA0+KdCO/d9EZ+Z7OxC1Khq6FzF4P9Z7pJX7D6WzjXY4N7MxyAcg=="
    }
  }
}
